
Microsoft Visual Studio Solution File, Format Version 12.00
# Visual Studio Version 17
VisualStudioVersion = 17.6.33815.320
MinimumVisualStudioVersion = 10.0.40219.1
Project("{9A19103F-16F7-4668-BE54-9A1E7A4F7556}") = "UnchainedLauncher.GUI", "UnchainedLauncher.GUI\UnchainedLauncher.GUI.csproj", "{0C235765-7B68-48BB-A3E5-87E12C512540}"
EndProject
Project("{9A19103F-16F7-4668-BE54-9A1E7A4F7556}") = "UnchainedLauncher.Core", "UnchainedLauncher.Core\UnchainedLauncher.Core.csproj", "{D63BA71A-868F-46F1-82A0-2115808D6A4E}"
EndProject
Project("{9A19103F-16F7-4668-BE54-9A1E7A4F7556}") = "UnchainedLauncher.Core.Tests.Unit", "UnchainedLauncher.Core.Tests.Unit\UnchainedLauncher.Core.Tests.Unit.csproj", "{C4921616-E684-45AD-8D9C-FF99A84F5283}"
EndProject
Project("{9A19103F-16F7-4668-BE54-9A1E7A4F7556}") = "UnchainedLauncher.Core.Tests.Integration", "UnchainedLauncher.Core.Tests.Integration\UnchainedLauncher.Core.Tests.Integration.csproj", "{ABBE4710-C988-4C0A-92D8-663271A6AA78}"
EndProject
Project("{9A19103F-16F7-4668-BE54-9A1E7A4F7556}") = "DiscriminatedUnions", "DiscriminatedUnions\DiscriminatedUnions.csproj", "{EA5E392E-050F-4EF7-865B-9E87F6C364B6}"
EndProject
Project("{9A19103F-16F7-4668-BE54-9A1E7A4F7556}") = "Unchained.ServerBrowser.Client", "generated-client\src\Unchained.ServerBrowser\Unchained.ServerBrowser.csproj", "{8707082F-8375-4F6C-9768-F0359B1CF06D}"
EndProject
Project("{9A19103F-16F7-4668-BE54-9A1E7A4F7556}") = "Unchained.ServerBrowser.Client.Test", "generated-client\src\Unchained.ServerBrowser.Test\Unchained.ServerBrowser.Test.csproj", "{19F1DEBC-DE5E-4517-8062-F000CD499087}"
EndProject
Global
	GlobalSection(SolutionConfigurationPlatforms) = preSolution
		Debug|Any CPU = Debug|Any CPU
		Debug|x64 = Debug|x64
		Debug-FakeChivalryLaunch|Any CPU = Debug-FakeChivalryLaunch|Any CPU
		Debug-FakeChivalryLaunch|x64 = Debug-FakeChivalryLaunch|x64
		Release|Any CPU = Release|Any CPU
		Release|x64 = Release|x64
	EndGlobalSection
	GlobalSection(ProjectConfigurationPlatforms) = postSolution
		{0C235765-7B68-48BB-A3E5-87E12C512540}.Debug|Any CPU.ActiveCfg = Debug|Any CPU
		{0C235765-7B68-48BB-A3E5-87E12C512540}.Debug|Any CPU.Build.0 = Debug|Any CPU
		{0C235765-7B68-48BB-A3E5-87E12C512540}.Debug|x64.ActiveCfg = Debug|Any CPU
		{0C235765-7B68-48BB-A3E5-87E12C512540}.Debug|x64.Build.0 = Debug|Any CPU
		{0C235765-7B68-48BB-A3E5-87E12C512540}.Debug-FakeChivalryLaunch|Any CPU.ActiveCfg = Debug-FakeChivalryLaunch|Any CPU
		{0C235765-7B68-48BB-A3E5-87E12C512540}.Debug-FakeChivalryLaunch|Any CPU.Build.0 = Debug-FakeChivalryLaunch|Any CPU
		{0C235765-7B68-48BB-A3E5-87E12C512540}.Debug-FakeChivalryLaunch|x64.ActiveCfg = Debug-FakeChivalryLaunch|Any CPU
		{0C235765-7B68-48BB-A3E5-87E12C512540}.Debug-FakeChivalryLaunch|x64.Build.0 = Debug-FakeChivalryLaunch|Any CPU
		{0C235765-7B68-48BB-A3E5-87E12C512540}.Release|Any CPU.ActiveCfg = Release|Any CPU
		{0C235765-7B68-48BB-A3E5-87E12C512540}.Release|Any CPU.Build.0 = Release|Any CPU
		{0C235765-7B68-48BB-A3E5-87E12C512540}.Release|x64.ActiveCfg = Release|Any CPU
		{0C235765-7B68-48BB-A3E5-87E12C512540}.Release|x64.Build.0 = Release|Any CPU
		{D63BA71A-868F-46F1-82A0-2115808D6A4E}.Debug|Any CPU.ActiveCfg = Debug|Any CPU
		{D63BA71A-868F-46F1-82A0-2115808D6A4E}.Debug|Any CPU.Build.0 = Debug|Any CPU
		{D63BA71A-868F-46F1-82A0-2115808D6A4E}.Debug|x64.ActiveCfg = Debug|Any CPU
		{D63BA71A-868F-46F1-82A0-2115808D6A4E}.Debug|x64.Build.0 = Debug|Any CPU
		{D63BA71A-868F-46F1-82A0-2115808D6A4E}.Debug-FakeChivalryLaunch|Any CPU.ActiveCfg = Debug|Any CPU
		{D63BA71A-868F-46F1-82A0-2115808D6A4E}.Debug-FakeChivalryLaunch|Any CPU.Build.0 = Debug|Any CPU
		{D63BA71A-868F-46F1-82A0-2115808D6A4E}.Debug-FakeChivalryLaunch|x64.ActiveCfg = Debug|Any CPU
		{D63BA71A-868F-46F1-82A0-2115808D6A4E}.Debug-FakeChivalryLaunch|x64.Build.0 = Debug|Any CPU
		{D63BA71A-868F-46F1-82A0-2115808D6A4E}.Release|Any CPU.ActiveCfg = Release|Any CPU
		{D63BA71A-868F-46F1-82A0-2115808D6A4E}.Release|Any CPU.Build.0 = Release|Any CPU
		{D63BA71A-868F-46F1-82A0-2115808D6A4E}.Release|x64.ActiveCfg = Release|Any CPU
		{D63BA71A-868F-46F1-82A0-2115808D6A4E}.Release|x64.Build.0 = Release|Any CPU
		{C4921616-E684-45AD-8D9C-FF99A84F5283}.Debug|Any CPU.ActiveCfg = Debug|Any CPU
		{C4921616-E684-45AD-8D9C-FF99A84F5283}.Debug|Any CPU.Build.0 = Debug|Any CPU
		{C4921616-E684-45AD-8D9C-FF99A84F5283}.Debug|x64.ActiveCfg = Debug|Any CPU
		{C4921616-E684-45AD-8D9C-FF99A84F5283}.Debug|x64.Build.0 = Debug|Any CPU
		{C4921616-E684-45AD-8D9C-FF99A84F5283}.Debug-FakeChivalryLaunch|Any CPU.ActiveCfg = Debug|Any CPU
		{C4921616-E684-45AD-8D9C-FF99A84F5283}.Debug-FakeChivalryLaunch|Any CPU.Build.0 = Debug|Any CPU
		{C4921616-E684-45AD-8D9C-FF99A84F5283}.Debug-FakeChivalryLaunch|x64.ActiveCfg = Debug|Any CPU
		{C4921616-E684-45AD-8D9C-FF99A84F5283}.Debug-FakeChivalryLaunch|x64.Build.0 = Debug|Any CPU
		{C4921616-E684-45AD-8D9C-FF99A84F5283}.Release|Any CPU.ActiveCfg = Release|Any CPU
		{C4921616-E684-45AD-8D9C-FF99A84F5283}.Release|Any CPU.Build.0 = Release|Any CPU
		{C4921616-E684-45AD-8D9C-FF99A84F5283}.Release|x64.ActiveCfg = Release|Any CPU
		{C4921616-E684-45AD-8D9C-FF99A84F5283}.Release|x64.Build.0 = Release|Any CPU
		{ABBE4710-C988-4C0A-92D8-663271A6AA78}.Debug|Any CPU.ActiveCfg = Debug|Any CPU
		{ABBE4710-C988-4C0A-92D8-663271A6AA78}.Debug|Any CPU.Build.0 = Debug|Any CPU
		{ABBE4710-C988-4C0A-92D8-663271A6AA78}.Debug|x64.ActiveCfg = Debug|Any CPU
		{ABBE4710-C988-4C0A-92D8-663271A6AA78}.Debug|x64.Build.0 = Debug|Any CPU
		{ABBE4710-C988-4C0A-92D8-663271A6AA78}.Debug-FakeChivalryLaunch|Any CPU.ActiveCfg = Debug|Any CPU
		{ABBE4710-C988-4C0A-92D8-663271A6AA78}.Debug-FakeChivalryLaunch|Any CPU.Build.0 = Debug|Any CPU
		{ABBE4710-C988-4C0A-92D8-663271A6AA78}.Debug-FakeChivalryLaunch|x64.ActiveCfg = Debug|Any CPU
		{ABBE4710-C988-4C0A-92D8-663271A6AA78}.Debug-FakeChivalryLaunch|x64.Build.0 = Debug|Any CPU
		{ABBE4710-C988-4C0A-92D8-663271A6AA78}.Release|Any CPU.ActiveCfg = Release|Any CPU
		{ABBE4710-C988-4C0A-92D8-663271A6AA78}.Release|Any CPU.Build.0 = Release|Any CPU
		{ABBE4710-C988-4C0A-92D8-663271A6AA78}.Release|x64.ActiveCfg = Release|Any CPU
		{ABBE4710-C988-4C0A-92D8-663271A6AA78}.Release|x64.Build.0 = Release|Any CPU
		{EA5E392E-050F-4EF7-865B-9E87F6C364B6}.Debug|Any CPU.ActiveCfg = Debug|Any CPU
		{EA5E392E-050F-4EF7-865B-9E87F6C364B6}.Release|Any CPU.ActiveCfg = Release|Any CPU
		{EA5E392E-050F-4EF7-865B-9E87F6C364B6}.Release|Any CPU.Build.0 = Release|Any CPU
		{EA5E392E-050F-4EF7-865B-9E87F6C364B6}.Debug|Any CPU.Build.0 = Debug|Any CPU
		{EA5E392E-050F-4EF7-865B-9E87F6C364B6}.Debug|x64.ActiveCfg = Debug|Any CPU
		{EA5E392E-050F-4EF7-865B-9E87F6C364B6}.Debug|x64.Build.0 = Debug|Any CPU
		{EA5E392E-050F-4EF7-865B-9E87F6C364B6}.Debug-FakeChivalryLaunch|Any CPU.ActiveCfg = Debug|Any CPU
		{EA5E392E-050F-4EF7-865B-9E87F6C364B6}.Debug-FakeChivalryLaunch|Any CPU.Build.0 = Debug|Any CPU
		{EA5E392E-050F-4EF7-865B-9E87F6C364B6}.Debug-FakeChivalryLaunch|x64.ActiveCfg = Debug|Any CPU
		{EA5E392E-050F-4EF7-865B-9E87F6C364B6}.Debug-FakeChivalryLaunch|x64.Build.0 = Debug|Any CPU
		{EA5E392E-050F-4EF7-865B-9E87F6C364B6}.Release|x64.ActiveCfg = Release|Any CPU
		{EA5E392E-050F-4EF7-865B-9E87F6C364B6}.Release|x64.Build.0 = Release|Any CPU
		{8707082F-8375-4F6C-9768-F0359B1CF06D}.Debug|Any CPU.ActiveCfg = Debug|Any CPU
		{8707082F-8375-4F6C-9768-F0359B1CF06D}.Debug|Any CPU.Build.0 = Debug|Any CPU
		{8707082F-8375-4F6C-9768-F0359B1CF06D}.Debug|x64.ActiveCfg = Debug|Any CPU
		{8707082F-8375-4F6C-9768-F0359B1CF06D}.Debug|x64.Build.0 = Debug|Any CPU
		{8707082F-8375-4F6C-9768-F0359B1CF06D}.Debug-FakeChivalryLaunch|Any CPU.ActiveCfg = Debug|Any CPU
		{8707082F-8375-4F6C-9768-F0359B1CF06D}.Debug-FakeChivalryLaunch|Any CPU.Build.0 = Debug|Any CPU
		{8707082F-8375-4F6C-9768-F0359B1CF06D}.Debug-FakeChivalryLaunch|x64.ActiveCfg = Debug|Any CPU
		{8707082F-8375-4F6C-9768-F0359B1CF06D}.Debug-FakeChivalryLaunch|x64.Build.0 = Debug|Any CPU
		{8707082F-8375-4F6C-9768-F0359B1CF06D}.Release|Any CPU.ActiveCfg = Release|Any CPU
		{8707082F-8375-4F6C-9768-F0359B1CF06D}.Release|Any CPU.Build.0 = Release|Any CPU
		{8707082F-8375-4F6C-9768-F0359B1CF06D}.Release|x64.ActiveCfg = Release|Any CPU
		{8707082F-8375-4F6C-9768-F0359B1CF06D}.Release|x64.Build.0 = Release|Any CPU
		{19F1DEBC-DE5E-4517-8062-F000CD499087}.Debug|Any CPU.ActiveCfg = Debug|Any CPU
		{19F1DEBC-DE5E-4517-8062-F000CD499087}.Debug|Any CPU.Build.0 = Debug|Any CPU
		{19F1DEBC-DE5E-4517-8062-F000CD499087}.Debug|x64.ActiveCfg = Debug|Any CPU
		{19F1DEBC-DE5E-4517-8062-F000CD499087}.Debug|x64.Build.0 = Debug|Any CPU
		{19F1DEBC-DE5E-4517-8062-F000CD499087}.Debug-FakeChivalryLaunch|Any CPU.ActiveCfg = Debug|Any CPU
		{19F1DEBC-DE5E-4517-8062-F000CD499087}.Debug-FakeChivalryLaunch|Any CPU.Build.0 = Debug|Any CPU
		{19F1DEBC-DE5E-4517-8062-F000CD499087}.Debug-FakeChivalryLaunch|x64.ActiveCfg = Debug|Any CPU
		{19F1DEBC-DE5E-4517-8062-F000CD499087}.Debug-FakeChivalryLaunch|x64.Build.0 = Debug|Any CPU
		{19F1DEBC-DE5E-4517-8062-F000CD499087}.Release|Any CPU.ActiveCfg = Release|Any CPU
		{19F1DEBC-DE5E-4517-8062-F000CD499087}.Release|Any CPU.Build.0 = Release|Any CPU
		{19F1DEBC-DE5E-4517-8062-F000CD499087}.Release|x64.ActiveCfg = Release|Any CPU
		{19F1DEBC-DE5E-4517-8062-F000CD499087}.Release|x64.Build.0 = Release|Any CPU
	EndGlobalSection
	GlobalSection(SolutionProperties) = preSolution
		HideSolutionNode = FALSE
	EndGlobalSection
	GlobalSection(ExtensibilityGlobals) = postSolution
		SolutionGuid = {B9632A6E-5E1C-48DB-BADB-2A64DC61425B}
	EndGlobalSection
EndGlobal
